Microsoft Visual Studio Solution File, Format Version 12.00
Project("{FAE04EC0-301F-11D3-BF4B-00C04F79EFBC}") = "FileTransferino.App", "FileTransferino.App\FileTransferino.App.csproj", "{ECB4547A-D43C-4211-A19B-895898A23F29}"
EndProject
Project("{FAE04EC0-301F-11D3-BF4B-00C04F79EFBC}") = "FileTransferino.Core", "FileTransferino.Core\FileTransferino.Core.csproj", "{D3A82049-715C-4E20-9608-0F23E866DBF8}"
EndProject
Project("{FAE04EC0-301F-11D3-BF4B-00C04F79EFBC}") = "FileTransferino.Data", "FileTransferino.Data\FileTransferino.Data.csproj", "{AE966EC8-7C9D-4AC9-895A-98568E0F312D}"
EndProject
Project("{FAE04EC0-301F-11D3-BF4B-00C04F79EFBC}") = "FileTransferino.Security", "FileTransferino.Security\FileTransferino.Security.csproj", "{96A2B38A-83A1-4673-B35A-AEE866A51E83}"
EndProject
Project("{FAE04EC0-301F-11D3-BF4B-00C04F79EFBC}") = "FileTransferino.Infrastructure", "FileTransferino.Infrastructure\FileTransferino.Infrastructure.csproj", "{AA81092C-C1E2-4492-A439-87541EE18DAE}"
EndProject
Project("{2150E333-8FDC-42A3-9474-1A3956D46DE8}") = "FileTransferino.Mobile", "FileTransferino.Mobile", "{AEB7CCBB-75F0-FD05-322C-713992528C96}"
EndProject
Project("{FAE04EC0-301F-11D3-BF4B-00C04F79EFBC}") = "FileTransferino.Mobile.Android", "FileTransferino.Mobile\FileTransferino.Mobile.Android\FileTransferino.Mobile.Android.csproj", "{EF76F95B-A20F-4212-9880-78F2E7F40D5B}"
EndProject
Project("{FAE04EC0-301F-11D3-BF4B-00C04F79EFBC}") = "FileTransferino.Mobile", "FileTransferino.Mobile\FileTransferino.Mobile\FileTransferino.Mobile.csproj", "{CE0E56D3-1A7B-4114-BB30-5C3169A460CA}"
EndProject
Project("{FAE04EC0-301F-11D3-BF4B-00C04F79EFBC}") = "FileTransferino.Mobile.iOS", "FileTransferino.Mobile\FileTransferino.Mobile.iOS\FileTransferino.Mobile.iOS.csproj", "{1DDF0F8C-52CE-4F5F-B5C9-94E4DCB62187}"
EndProject
Project("{FAE04EC0-301F-11D3-BF4B-00C04F79EFBC}") = "FileTransferino.Mobile.Browser", "FileTransferino.Mobile\FileTransferino.Mobile.Browser\FileTransferino.Mobile.Browser.csproj", "{4FBD1138-F9B5-4EB8-8B12-F52F4E412369}"
EndProject
Project("{FAE04EC0-301F-11D3-BF4B-00C04F79EFBC}") = "FileTransferino.Mobile.Desktop", "FileTransferino.Mobile\FileTransferino.Mobile.Desktop\FileTransferino.Mobile.Desktop.csproj", "{49339C47-DCE4-4EB7-8F65-E25D8A0616A5}"
EndProject
Project("{FAE04EC0-301F-11D3-BF4B-00C04F79EFBC}") = "FileTransferino.UI", "FileTransferino.UI\FileTransferino.UI.csproj", "{30398011-00B7-4F14-8FC0-8C451DDA1F5A}"
EndProject
Global
	GlobalSection(SolutionConfigurationPlatforms) = preSolution
		Debug|Any CPU = Debug|Any CPU
		Debug|x64 = Debug|x64
		Debug|x86 = Debug|x86
		Release|Any CPU = Release|Any CPU
		Release|x64 = Release|x64
		Release|x86 = Release|x86
	EndGlobalSection
	GlobalSection(ProjectConfigurationPlatforms) = postSolution
		{ECB4547A-D43C-4211-A19B-895898A23F29}.Debug|Any CPU.ActiveCfg = Debug|Any CPU
		{ECB4547A-D43C-4211-A19B-895898A23F29}.Debug|Any CPU.Build.0 = Debug|Any CPU
		{ECB4547A-D43C-4211-A19B-895898A23F29}.Debug|x64.ActiveCfg = Debug|Any CPU
		{ECB4547A-D43C-4211-A19B-895898A23F29}.Debug|x64.Build.0 = Debug|Any CPU
		{ECB4547A-D43C-4211-A19B-895898A23F29}.Debug|x86.ActiveCfg = Debug|Any CPU
		{ECB4547A-D43C-4211-A19B-895898A23F29}.Debug|x86.Build.0 = Debug|Any CPU
		{ECB4547A-D43C-4211-A19B-895898A23F29}.Release|Any CPU.ActiveCfg = Release|Any CPU
		{ECB4547A-D43C-4211-A19B-895898A23F29}.Release|Any CPU.Build.0 = Release|Any CPU
		{ECB4547A-D43C-4211-A19B-895898A23F29}.Release|x64.ActiveCfg = Release|Any CPU
		{ECB4547A-D43C-4211-A19B-895898A23F29}.Release|x64.Build.0 = Release|Any CPU
		{ECB4547A-D43C-4211-A19B-895898A23F29}.Release|x86.ActiveCfg = Release|Any CPU
		{ECB4547A-D43C-4211-A19B-895898A23F29}.Release|x86.Build.0 = Release|Any CPU
		{D3A82049-715C-4E20-9608-0F23E866DBF8}.Debug|Any CPU.ActiveCfg = Debug|Any CPU
		{D3A82049-715C-4E20-9608-0F23E866DBF8}.Debug|Any CPU.Build.0 = Debug|Any CPU
		{D3A82049-715C-4E20-9608-0F23E866DBF8}.Debug|x64.ActiveCfg = Debug|Any CPU
		{D3A82049-715C-4E20-9608-0F23E866DBF8}.Debug|x64.Build.0 = Debug|Any CPU
		{D3A82049-715C-4E20-9608-0F23E866DBF8}.Debug|x86.ActiveCfg = Debug|Any CPU
		{D3A82049-715C-4E20-9608-0F23E866DBF8}.Debug|x86.Build.0 = Debug|Any CPU
		{D3A82049-715C-4E20-9608-0F23E866DBF8}.Release|Any CPU.ActiveCfg = Release|Any CPU
		{D3A82049-715C-4E20-9608-0F23E866DBF8}.Release|Any CPU.Build.0 = Release|Any CPU
		{D3A82049-715C-4E20-9608-0F23E866DBF8}.Release|x64.ActiveCfg = Release|Any CPU
		{D3A82049-715C-4E20-9608-0F23E866DBF8}.Release|x64.Build.0 = Release|Any CPU
		{D3A82049-715C-4E20-9608-0F23E866DBF8}.Release|x86.ActiveCfg = Release|Any CPU
		{D3A82049-715C-4E20-9608-0F23E866DBF8}.Release|x86.Build.0 = Release|Any CPU
		{AE966EC8-7C9D-4AC9-895A-98568E0F312D}.Debug|Any CPU.ActiveCfg = Debug|Any CPU
		{AE966EC8-7C9D-4AC9-895A-98568E0F312D}.Debug|Any CPU.Build.0 = Debug|Any CPU
		{AE966EC8-7C9D-4AC9-895A-98568E0F312D}.Debug|x64.ActiveCfg = Debug|Any CPU
		{AE966EC8-7C9D-4AC9-895A-98568E0F312D}.Debug|x64.Build.0 = Debug|Any CPU
		{AE966EC8-7C9D-4AC9-895A-98568E0F312D}.Debug|x86.ActiveCfg = Debug|Any CPU
		{AE966EC8-7C9D-4AC9-895A-98568E0F312D}.Debug|x86.Build.0 = Debug|Any CPU
		{AE966EC8-7C9D-4AC9-895A-98568E0F312D}.Release|Any CPU.ActiveCfg = Release|Any CPU
		{AE966EC8-7C9D-4AC9-895A-98568E0F312D}.Release|Any CPU.Build.0 = Release|Any CPU
		{AE966EC8-7C9D-4AC9-895A-98568E0F312D}.Release|x64.ActiveCfg = Release|Any CPU
		{AE966EC8-7C9D-4AC9-895A-98568E0F312D}.Release|x64.Build.0 = Release|Any CPU
		{AE966EC8-7C9D-4AC9-895A-98568E0F312D}.Release|x86.ActiveCfg = Release|Any CPU
		{AE966EC8-7C9D-4AC9-895A-98568E0F312D}.Release|x86.Build.0 = Release|Any CPU
		{96A2B38A-83A1-4673-B35A-AEE866A51E83}.Debug|Any CPU.ActiveCfg = Debug|Any CPU
		{96A2B38A-83A1-4673-B35A-AEE866A51E83}.Debug|Any CPU.Build.0 = Debug|Any CPU
		{96A2B38A-83A1-4673-B35A-AEE866A51E83}.Debug|x64.ActiveCfg = Debug|Any CPU
		{96A2B38A-83A1-4673-B35A-AEE866A51E83}.Debug|x64.Build.0 = Debug|Any CPU
		{96A2B38A-83A1-4673-B35A-AEE866A51E83}.Debug|x86.ActiveCfg = Debug|Any CPU
		{96A2B38A-83A1-4673-B35A-AEE866A51E83}.Debug|x86.Build.0 = Debug|Any CPU
		{96A2B38A-83A1-4673-B35A-AEE866A51E83}.Release|Any CPU.ActiveCfg = Release|Any CPU
		{96A2B38A-83A1-4673-B35A-AEE866A51E83}.Release|Any CPU.Build.0 = Release|Any CPU
		{96A2B38A-83A1-4673-B35A-AEE866A51E83}.Release|x64.ActiveCfg = Release|Any CPU
		{96A2B38A-83A1-4673-B35A-AEE866A51E83}.Release|x64.Build.0 = Release|Any CPU
		{96A2B38A-83A1-4673-B35A-AEE866A51E83}.Release|x86.ActiveCfg = Release|Any CPU
		{96A2B38A-83A1-4673-B35A-AEE866A51E83}.Release|x86.Build.0 = Release|Any CPU
		{AA81092C-C1E2-4492-A439-87541EE18DAE}.Debug|Any CPU.ActiveCfg = Debug|Any CPU
		{AA81092C-C1E2-4492-A439-87541EE18DAE}.Debug|Any CPU.Build.0 = Debug|Any CPU
		{AA81092C-C1E2-4492-A439-87541EE18DAE}.Debug|x64.ActiveCfg = Debug|Any CPU
		{AA81092C-C1E2-4492-A439-87541EE18DAE}.Debug|x64.Build.0 = Debug|Any CPU
		{AA81092C-C1E2-4492-A439-87541EE18DAE}.Debug|x86.ActiveCfg = Debug|Any CPU
		{AA81092C-C1E2-4492-A439-87541EE18DAE}.Debug|x86.Build.0 = Debug|Any CPU
		{AA81092C-C1E2-4492-A439-87541EE18DAE}.Release|Any CPU.ActiveCfg = Release|Any CPU
		{AA81092C-C1E2-4492-A439-87541EE18DAE}.Release|Any CPU.Build.0 = Release|Any CPU
		{AA81092C-C1E2-4492-A439-87541EE18DAE}.Release|x64.ActiveCfg = Release|Any CPU
		{AA81092C-C1E2-4492-A439-87541EE18DAE}.Release|x64.Build.0 = Release|Any CPU
		{AA81092C-C1E2-4492-A439-87541EE18DAE}.Release|x86.ActiveCfg = Release|Any CPU
		{AA81092C-C1E2-4492-A439-87541EE18DAE}.Release|x86.Build.0 = Release|Any CPU
		{EF76F95B-A20F-4212-9880-78F2E7F40D5B}.Debug|Any CPU.ActiveCfg = Debug|Any CPU
		{EF76F95B-A20F-4212-9880-78F2E7F40D5B}.Debug|Any CPU.Build.0 = Debug|Any CPU
		{EF76F95B-A20F-4212-9880-78F2E7F40D5B}.Debug|x64.ActiveCfg = Debug|Any CPU
		{EF76F95B-A20F-4212-9880-78F2E7F40D5B}.Debug|x64.Build.0 = Debug|Any CPU
		{EF76F95B-A20F-4212-9880-78F2E7F40D5B}.Debug|x86.ActiveCfg = Debug|Any CPU
		{EF76F95B-A20F-4212-9880-78F2E7F40D5B}.Debug|x86.Build.0 = Debug|Any CPU
		{EF76F95B-A20F-4212-9880-78F2E7F40D5B}.Release|Any CPU.ActiveCfg = Release|Any CPU
		{EF76F95B-A20F-4212-9880-78F2E7F40D5B}.Release|Any CPU.Build.0 = Release|Any CPU
		{EF76F95B-A20F-4212-9880-78F2E7F40D5B}.Release|x64.ActiveCfg = Release|Any CPU
		{EF76F95B-A20F-4212-9880-78F2E7F40D5B}.Release|x64.Build.0 = Release|Any CPU
		{EF76F95B-A20F-4212-9880-78F2E7F40D5B}.Release|x86.ActiveCfg = Release|Any CPU
		{EF76F95B-A20F-4212-9880-78F2E7F40D5B}.Release|x86.Build.0 = Release|Any CPU
		{CE0E56D3-1A7B-4114-BB30-5C3169A460CA}.Debug|Any CPU.ActiveCfg = Debug|Any CPU
		{CE0E56D3-1A7B-4114-BB30-5C3169A460CA}.Debug|Any CPU.Build.0 = Debug|Any CPU
		{CE0E56D3-1A7B-4114-BB30-5C3169A460CA}.Debug|x64.ActiveCfg = Debug|Any CPU
		{CE0E56D3-1A7B-4114-BB30-5C3169A460CA}.Debug|x64.Build.0 = Debug|Any CPU
		{CE0E56D3-1A7B-4114-BB30-5C3169A460CA}.Debug|x86.ActiveCfg = Debug|Any CPU
		{CE0E56D3-1A7B-4114-BB30-5C3169A460CA}.Debug|x86.Build.0 = Debug|Any CPU
		{CE0E56D3-1A7B-4114-BB30-5C3169A460CA}.Release|Any CPU.ActiveCfg = Release|Any CPU
		{CE0E56D3-1A7B-4114-BB30-5C3169A460CA}.Release|Any CPU.Build.0 = Release|Any CPU
		{CE0E56D3-1A7B-4114-BB30-5C3169A460CA}.Release|x64.ActiveCfg = Release|Any CPU
		{CE0E56D3-1A7B-4114-BB30-5C3169A460CA}.Release|x64.Build.0 = Release|Any CPU
		{CE0E56D3-1A7B-4114-BB30-5C3169A460CA}.Release|x86.ActiveCfg = Release|Any CPU
		{CE0E56D3-1A7B-4114-BB30-5C3169A460CA}.Release|x86.Build.0 = Release|Any CPU
		{1DDF0F8C-52CE-4F5F-B5C9-94E4DCB62187}.Debug|Any CPU.ActiveCfg = Debug|Any CPU
		{1DDF0F8C-52CE-4F5F-B5C9-94E4DCB62187}.Debug|Any CPU.Build.0 = Debug|Any CPU
		{1DDF0F8C-52CE-4F5F-B5C9-94E4DCB62187}.Debug|x64.ActiveCfg = Debug|Any CPU
		{1DDF0F8C-52CE-4F5F-B5C9-94E4DCB62187}.Debug|x64.Build.0 = Debug|Any CPU
		{1DDF0F8C-52CE-4F5F-B5C9-94E4DCB62187}.Debug|x86.ActiveCfg = Debug|Any CPU
		{1DDF0F8C-52CE-4F5F-B5C9-94E4DCB62187}.Debug|x86.Build.0 = Debug|Any CPU
		{1DDF0F8C-52CE-4F5F-B5C9-94E4DCB62187}.Release|Any CPU.ActiveCfg = Release|Any CPU
		{1DDF0F8C-52CE-4F5F-B5C9-94E4DCB62187}.Release|Any CPU.Build.0 = Release|Any CPU
		{1DDF0F8C-52CE-4F5F-B5C9-94E4DCB62187}.Release|x64.ActiveCfg = Release|Any CPU
		{1DDF0F8C-52CE-4F5F-B5C9-94E4DCB62187}.Release|x64.Build.0 = Release|Any CPU
		{1DDF0F8C-52CE-4F5F-B5C9-94E4DCB62187}.Release|x86.ActiveCfg = Release|Any CPU
		{1DDF0F8C-52CE-4F5F-B5C9-94E4DCB62187}.Release|x86.Build.0 = Release|Any CPU
		{4FBD1138-F9B5-4EB8-8B12-F52F4E412369}.Debug|Any CPU.ActiveCfg = Debug|Any CPU
		{4FBD1138-F9B5-4EB8-8B12-F52F4E412369}.Debug|x64.ActiveCfg = Debug|Any CPU
		{4FBD1138-F9B5-4EB8-8B12-F52F4E412369}.Debug|x86.ActiveCfg = Debug|Any CPU
		{4FBD1138-F9B5-4EB8-8B12-F52F4E412369}.Release|Any CPU.ActiveCfg = Release|Any CPU
		{4FBD1138-F9B5-4EB8-8B12-F52F4E412369}.Release|x64.ActiveCfg = Release|Any CPU
		{4FBD1138-F9B5-4EB8-8B12-F52F4E412369}.Release|x86.ActiveCfg = Release|Any CPU
		{49339C47-DCE4-4EB7-8F65-E25D8A0616A5}.Debug|Any CPU.ActiveCfg = Debug|Any CPU
		{49339C47-DCE4-4EB7-8F65-E25D8A0616A5}.Debug|Any CPU.Build.0 = Debug|Any CPU
		{49339C47-DCE4-4EB7-8F65-E25D8A0616A5}.Debug|x64.ActiveCfg = Debug|Any CPU
		{49339C47-DCE4-4EB7-8F65-E25D8A0616A5}.Debug|x64.Build.0 = Debug|Any CPU
		{49339C47-DCE4-4EB7-8F65-E25D8A0616A5}.Debug|x86.ActiveCfg = Debug|Any CPU
		{49339C47-DCE4-4EB7-8F65-E25D8A0616A5}.Debug|x86.Build.0 = Debug|Any CPU
		{49339C47-DCE4-4EB7-8F65-E25D8A0616A5}.Release|Any CPU.ActiveCfg = Release|Any CPU
		{49339C47-DCE4-4EB7-8F65-E25D8A0616A5}.Release|Any CPU.Build.0 = Release|Any CPU
		{49339C47-DCE4-4EB7-8F65-E25D8A0616A5}.Release|x64.ActiveCfg = Release|Any CPU
		{49339C47-DCE4-4EB7-8F65-E25D8A0616A5}.Release|x64.Build.0 = Release|Any CPU
		{49339C47-DCE4-4EB7-8F65-E25D8A0616A5}.Release|x86.ActiveCfg = Release|Any CPU
		{49339C47-DCE4-4EB7-8F65-E25D8A0616A5}.Release|x86.Build.0 = Release|Any CPU
		{30398011-00B7-4F14-8FC0-8C451DDA1F5A}.Debug|Any CPU.ActiveCfg = Debug|Any CPU
		{30398011-00B7-4F14-8FC0-8C451DDA1F5A}.Debug|Any CPU.Build.0 = Debug|Any CPU
		{30398011-00B7-4F14-8FC0-8C451DDA1F5A}.Debug|x64.ActiveCfg = Debug|Any CPU
		{30398011-00B7-4F14-8FC0-8C451DDA1F5A}.Debug|x64.Build.0 = Debug|Any CPU
		{30398011-00B7-4F14-8FC0-8C451DDA1F5A}.Debug|x86.ActiveCfg = Debug|Any CPU
		{30398011-00B7-4F14-8FC0-8C451DDA1F5A}.Debug|x86.Build.0 = Debug|Any CPU
		{30398011-00B7-4F14-8FC0-8C451DDA1F5A}.Release|Any CPU.ActiveCfg = Release|Any CPU
		{30398011-00B7-4F14-8FC0-8C451DDA1F5A}.Release|Any CPU.Build.0 = Release|Any CPU
		{30398011-00B7-4F14-8FC0-8C451DDA1F5A}.Release|x64.ActiveCfg = Release|Any CPU
		{30398011-00B7-4F14-8FC0-8C451DDA1F5A}.Release|x64.Build.0 = Release|Any CPU
		{30398011-00B7-4F14-8FC0-8C451DDA1F5A}.Release|x86.ActiveCfg = Release|Any CPU
		{30398011-00B7-4F14-8FC0-8C451DDA1F5A}.Release|x86.Build.0 = Release|Any CPU
	EndGlobalSection
	GlobalSection(SolutionProperties) = preSolution
		HideSolutionNode = FALSE
	EndGlobalSection
	GlobalSection(NestedProjects) = preSolution
		{EF76F95B-A20F-4212-9880-78F2E7F40D5B} = {AEB7CCBB-75F0-FD05-322C-713992528C96}
		{CE0E56D3-1A7B-4114-BB30-5C3169A460CA} = {AEB7CCBB-75F0-FD05-322C-713992528C96}
		{1DDF0F8C-52CE-4F5F-B5C9-94E4DCB62187} = {AEB7CCBB-75F0-FD05-322C-713992528C96}
		{4FBD1138-F9B5-4EB8-8B12-F52F4E412369} = {AEB7CCBB-75F0-FD05-322C-713992528C96}
		{49339C47-DCE4-4EB7-8F65-E25D8A0616A5} = {AEB7CCBB-75F0-FD05-322C-713992528C96}
	EndGlobalSection
EndGlobal
